// !$*UTF8*$!
{
	archiveVersion = 1;
	classes = {
	};
	objectVersion = 51;
	objects = {

/* Begin PBXBuildFile section */
		B8B055C2FD7AECA2B702881D /* Pods_DPTestProject_UIKit.framework in Frameworks */ = {isa = PBXBuildFile; fileRef = DDE044DD3B6E8B6D56C1DE5B /* Pods_DPTestProject_UIKit.framework */; };
		E221846E26A7444F009BEFFC /* LaunchScreen.storyboard in Resources */ = {isa = PBXBuildFile; fileRef = E221846C26A7444F009BEFFC /* LaunchScreen.storyboard */; };
		E22ADF9326C3DB7C00121DEE /* AppTheme.swift in Sources */ = {isa = PBXBuildFile; fileRef = E22ADF9226C3DB7C00121DEE /* AppTheme.swift */; };
		E22ADF9626C3DDFB00121DEE /* ViewRouter+Extensions.swift in Sources */ = {isa = PBXBuildFile; fileRef = E22ADF9526C3DDFB00121DEE /* ViewRouter+Extensions.swift */; };
		E22ADF9826C3DF2D00121DEE /* TabBarController.swift in Sources */ = {isa = PBXBuildFile; fileRef = E22ADF9726C3DF2D00121DEE /* TabBarController.swift */; };
		E249F23C26A74A1000817CBA /* InitalViewController.swift in Sources */ = {isa = PBXBuildFile; fileRef = E249F23B26A74A1000817CBA /* InitalViewController.swift */; };
		E249F24226A74B3500817CBA /* UserList.swift in Sources */ = {isa = PBXBuildFile; fileRef = E249F24126A74B3500817CBA /* UserList.swift */; };
		E249F24426A74BE500817CBA /* InitalViewModel.swift in Sources */ = {isa = PBXBuildFile; fileRef = E249F24326A74BE500817CBA /* InitalViewModel.swift */; };
		E249F24726A7512B00817CBA /* ViewController.swift in Sources */ = {isa = PBXBuildFile; fileRef = E249F24626A7512B00817CBA /* ViewController.swift */; };
		E249F24926A7516F00817CBA /* ViewModel.swift in Sources */ = {isa = PBXBuildFile; fileRef = E249F24826A7516F00817CBA /* ViewModel.swift */; };
		E2514F4D26AA17B100952E27 /* ViewRouter.swift in Sources */ = {isa = PBXBuildFile; fileRef = E2514F4C26AA17B100952E27 /* ViewRouter.swift */; };
		E2514F5026AA192200952E27 /* MainViewController.swift in Sources */ = {isa = PBXBuildFile; fileRef = E2514F4F26AA192200952E27 /* MainViewController.swift */; };
		E2514F5226AA192E00952E27 /* MainViewModel.swift in Sources */ = {isa = PBXBuildFile; fileRef = E2514F5126AA192E00952E27 /* MainViewModel.swift */; };
		E2977A4E26ADC8F4005A323D /* Libs+AppTheme.swift in Sources */ = {isa = PBXBuildFile; fileRef = E2977A4D26ADC8F4005A323D /* Libs+AppTheme.swift */; };
		E2ABB24126A73EEB00A1BEEB /* SceneDelegate.swift in Sources */ = {isa = PBXBuildFile; fileRef = E2ABB24026A73EEB00A1BEEB /* SceneDelegate.swift */; };
		E2ABB24926A73EEB00A1BEEB /* DPTestProject_UIKit.xcdatamodeld in Sources */ = {isa = PBXBuildFile; fileRef = E2ABB24726A73EEB00A1BEEB /* DPTestProject_UIKit.xcdatamodeld */; };
		E2ABB24B26A73EF400A1BEEB /* Assets.xcassets in Resources */ = {isa = PBXBuildFile; fileRef = E2ABB24A26A73EF400A1BEEB /* Assets.xcassets */; };
		E2ABB25926A73EF400A1BEEB /* DPTestProject_UIKitTests.swift in Sources */ = {isa = PBXBuildFile; fileRef = E2ABB25826A73EF400A1BEEB /* DPTestProject_UIKitTests.swift */; };
		E2ABB26426A73EF400A1BEEB /* DPTestProject_UIKitUITests.swift in Sources */ = {isa = PBXBuildFile; fileRef = E2ABB26326A73EF400A1BEEB /* DPTestProject_UIKitUITests.swift */; };
		E2ABB27826A740BB00A1BEEB /* AppDelegate.swift in Sources */ = {isa = PBXBuildFile; fileRef = E2ABB27726A740BA00A1BEEB /* AppDelegate.swift */; };
		E2D7645326C5B2D30000F4B6 /* TabBarView.swift in Sources */ = {isa = PBXBuildFile; fileRef = E2D7645226C5B2D30000F4B6 /* TabBarView.swift */; };
		E2FDE65B26ADD60600E8F12F /* ChangeAppThemeTableCell.swift in Sources */ = {isa = PBXBuildFile; fileRef = E2FDE65A26ADD60600E8F12F /* ChangeAppThemeTableCell.swift */; };
/* End PBXBuildFile section */

/* Begin PBXContainerItemProxy section */
		E2ABB25526A73EF400A1BEEB /* PBXContainerItemProxy */ = {
			isa = PBXContainerItemProxy;
			containerPortal = E2ABB23326A73EEB00A1BEEB /* Project object */;
			proxyType = 1;
			remoteGlobalIDString = E2ABB23A26A73EEB00A1BEEB;
			remoteInfo = DPTestProject_UIKit;
		};
		E2ABB26026A73EF400A1BEEB /* PBXContainerItemProxy */ = {
			isa = PBXContainerItemProxy;
			containerPortal = E2ABB23326A73EEB00A1BEEB /* Project object */;
			proxyType = 1;
			remoteGlobalIDString = E2ABB23A26A73EEB00A1BEEB;
			remoteInfo = DPTestProject_UIKit;
		};
/* End PBXContainerItemProxy section */

/* Begin PBXFileReference section */
		A468EA4ACE50B66F03F2901C /* Pods-DPTestProject_UIKit.release.xcconfig */ = {isa = PBXFileReference; includeInIndex = 1; lastKnownFileType = text.xcconfig; name = "Pods-DPTestProject_UIKit.release.xcconfig"; path = "Target Support Files/Pods-DPTestProject_UIKit/Pods-DPTestProject_UIKit.release.xcconfig"; sourceTree = "<group>"; };
		A7920084B4BBDC838BEB735D /* Pods-DPTestProject_UIKit.debug.xcconfig */ = {isa = PBXFileReference; includeInIndex = 1; lastKnownFileType = text.xcconfig; name = "Pods-DPTestProject_UIKit.debug.xcconfig"; path = "Target Support Files/Pods-DPTestProject_UIKit/Pods-DPTestProject_UIKit.debug.xcconfig"; sourceTree = "<group>"; };
		DDE044DD3B6E8B6D56C1DE5B /* Pods_DPTestProject_UIKit.framework */ = {isa = PBXFileReference; explicitFileType = wrapper.framework; includeInIndex = 0; path = Pods_DPTestProject_UIKit.framework; sourceTree = BUILT_PRODUCTS_DIR; };
		E221846526A743D8009BEFFC /* Info.plist */ = {isa = PBXFileReference; lastKnownFileType = text.plist; name = Info.plist; path = DPTestProject_UIKit/Info.plist; sourceTree = SOURCE_ROOT; };
		E221846726A743FB009BEFFC /* .swiftlint.yml */ = {isa = PBXFileReference; fileEncoding = 4; lastKnownFileType = text.yaml; path = .swiftlint.yml; sourceTree = SOURCE_ROOT; };
		E221846826A743FB009BEFFC /* .gitignore */ = {isa = PBXFileReference; fileEncoding = 4; lastKnownFileType = text; path = .gitignore; sourceTree = SOURCE_ROOT; };
		E221846D26A7444F009BEFFC /* Base */ = {isa = PBXFileReference; lastKnownFileType = file.storyboard; name = Base; path = DPTestProject_UIKit/Base.lproj/LaunchScreen.storyboard; sourceTree = SOURCE_ROOT; };
		E221846F26A74476009BEFFC /* .keep */ = {isa = PBXFileReference; lastKnownFileType = text; path = .keep; sourceTree = "<group>"; };
		E221847126A74487009BEFFC /* .keep */ = {isa = PBXFileReference; lastKnownFileType = text; path = .keep; sourceTree = "<group>"; };
		E22ADF9226C3DB7C00121DEE /* AppTheme.swift */ = {isa = PBXFileReference; lastKnownFileType = sourcecode.swift; path = AppTheme.swift; sourceTree = "<group>"; };
		E22ADF9526C3DDFB00121DEE /* ViewRouter+Extensions.swift */ = {isa = PBXFileReference; lastKnownFileType = sourcecode.swift; path = "ViewRouter+Extensions.swift"; sourceTree = "<group>"; };
		E22ADF9726C3DF2D00121DEE /* TabBarController.swift */ = {isa = PBXFileReference; lastKnownFileType = sourcecode.swift; path = TabBarController.swift; sourceTree = "<group>"; };
		E249F23B26A74A1000817CBA /* InitalViewController.swift */ = {isa = PBXFileReference; lastKnownFileType = sourcecode.swift; path = InitalViewController.swift; sourceTree = "<group>"; };
		E249F24126A74B3500817CBA /* UserList.swift */ = {isa = PBXFileReference; fileEncoding = 4; lastKnownFileType = sourcecode.swift; path = UserList.swift; sourceTree = "<group>"; };
		E249F24326A74BE500817CBA /* InitalViewModel.swift */ = {isa = PBXFileReference; lastKnownFileType = sourcecode.swift; path = InitalViewModel.swift; sourceTree = "<group>"; };
		E249F24626A7512B00817CBA /* ViewController.swift */ = {isa = PBXFileReference; lastKnownFileType = sourcecode.swift; path = ViewController.swift; sourceTree = "<group>"; };
		E249F24826A7516F00817CBA /* ViewModel.swift */ = {isa = PBXFileReference; lastKnownFileType = sourcecode.swift; path = ViewModel.swift; sourceTree = "<group>"; };
		E2514F4C26AA17B100952E27 /* ViewRouter.swift */ = {isa = PBXFileReference; lastKnownFileType = sourcecode.swift; path = ViewRouter.swift; sourceTree = "<group>"; };
		E2514F4F26AA192200952E27 /* MainViewController.swift */ = {isa = PBXFileReference; lastKnownFileType = sourcecode.swift; path = MainViewController.swift; sourceTree = "<group>"; };
		E2514F5126AA192E00952E27 /* MainViewModel.swift */ = {isa = PBXFileReference; lastKnownFileType = sourcecode.swift; path = MainViewModel.swift; sourceTree = "<group>"; };
		E2977A4D26ADC8F4005A323D /* Libs+AppTheme.swift */ = {isa = PBXFileReference; lastKnownFileType = sourcecode.swift; path = "Libs+AppTheme.swift"; sourceTree = "<group>"; };
		E2ABB23B26A73EEB00A1BEEB /* DPTestProject_UIKit.app */ = {isa = PBXFileReference; explicitFileType = wrapper.application; includeInIndex = 0; path = DPTestProject_UIKit.app; sourceTree = BUILT_PRODUCTS_DIR; };
		E2ABB24026A73EEB00A1BEEB /* SceneDelegate.swift */ = {isa = PBXFileReference; lastKnownFileType = sourcecode.swift; path = SceneDelegate.swift; sourceTree = "<group>"; };
		E2ABB24826A73EEB00A1BEEB /* DPTestProject_UIKit.xcdatamodel */ = {isa = PBXFileReference; lastKnownFileType = wrapper.xcdatamodel; path = DPTestProject_UIKit.xcdatamodel; sourceTree = "<group>"; };
		E2ABB24A26A73EF400A1BEEB /* Assets.xcassets */ = {isa = PBXFileReference; lastKnownFileType = folder.assetcatalog; path = Assets.xcassets; sourceTree = "<group>"; };
		E2ABB25426A73EF400A1BEEB /* DPTestProject_UIKitTests.xctest */ = {isa = PBXFileReference; explicitFileType = wrapper.cfbundle; includeInIndex = 0; path = DPTestProject_UIKitTests.xctest; sourceTree = BUILT_PRODUCTS_DIR; };
		E2ABB25826A73EF400A1BEEB /* DPTestProject_UIKitTests.swift */ = {isa = PBXFileReference; lastKnownFileType = sourcecode.swift; path = DPTestProject_UIKitTests.swift; sourceTree = "<group>"; };
		E2ABB25A26A73EF400A1BEEB /* Info.plist */ = {isa = PBXFileReference; lastKnownFileType = text.plist.xml; path = Info.plist; sourceTree = "<group>"; };
		E2ABB25F26A73EF400A1BEEB /* DPTestProject_UIKitUITests.xctest */ = {isa = PBXFileReference; explicitFileType = wrapper.cfbundle; includeInIndex = 0; path = DPTestProject_UIKitUITests.xctest; sourceTree = BUILT_PRODUCTS_DIR; };
		E2ABB26326A73EF400A1BEEB /* DPTestProject_UIKitUITests.swift */ = {isa = PBXFileReference; lastKnownFileType = sourcecode.swift; path = DPTestProject_UIKitUITests.swift; sourceTree = "<group>"; };
		E2ABB26526A73EF400A1BEEB /* Info.plist */ = {isa = PBXFileReference; lastKnownFileType = text.plist.xml; path = Info.plist; sourceTree = "<group>"; };
		E2ABB27726A740BA00A1BEEB /* AppDelegate.swift */ = {isa = PBXFileReference; fileEncoding = 4; lastKnownFileType = sourcecode.swift; path = AppDelegate.swift; sourceTree = "<group>"; };
		E2D7645226C5B2D30000F4B6 /* TabBarView.swift */ = {isa = PBXFileReference; lastKnownFileType = sourcecode.swift; path = TabBarView.swift; sourceTree = "<group>"; };
		E2FDE65A26ADD60600E8F12F /* ChangeAppThemeTableCell.swift */ = {isa = PBXFileReference; lastKnownFileType = sourcecode.swift; path = ChangeAppThemeTableCell.swift; sourceTree = "<group>"; };
/* End PBXFileReference section */

/* Begin PBXFrameworksBuildPhase section */
		E2ABB23826A73EEB00A1BEEB /* Frameworks */ = {
			isa = PBXFrameworksBuildPhase;
			buildActionMask = 2147483647;
			files = (
				B8B055C2FD7AECA2B702881D /* Pods_DPTestProject_UIKit.framework in Frameworks */,
			);
			runOnlyForDeploymentPostprocessing = 0;
		};
		E2ABB25126A73EF400A1BEEB /* Frameworks */ = {
			isa = PBXFrameworksBuildPhase;
			buildActionMask = 2147483647;
			files = (
			);
			runOnlyForDeploymentPostprocessing = 0;
		};
		E2ABB25C26A73EF400A1BEEB /* Frameworks */ = {
			isa = PBXFrameworksBuildPhase;
			buildActionMask = 2147483647;
			files = (
			);
			runOnlyForDeploymentPostprocessing = 0;
		};
/* End PBXFrameworksBuildPhase section */

/* Begin PBXGroup section */
		171DE439EAB5325618560860 /* Frameworks */ = {
			isa = PBXGroup;
			children = (
				DDE044DD3B6E8B6D56C1DE5B /* Pods_DPTestProject_UIKit.framework */,
			);
			name = Frameworks;
			sourceTree = "<group>";
		};
		4AF347EF6BE914DEDB01E24E /* Pods */ = {
			isa = PBXGroup;
			children = (
				A7920084B4BBDC838BEB735D /* Pods-DPTestProject_UIKit.debug.xcconfig */,
				A468EA4ACE50B66F03F2901C /* Pods-DPTestProject_UIKit.release.xcconfig */,
			);
			path = Pods;
			sourceTree = "<group>";
		};
		E221846B26A74435009BEFFC /* LauchScreen */ = {
			isa = PBXGroup;
			children = (
				E221846C26A7444F009BEFFC /* LaunchScreen.storyboard */,
			);
			path = LauchScreen;
			sourceTree = "<group>";
		};
		E22ADF9126C3DB4D00121DEE /* _Libs */ = {
			isa = PBXGroup;
			children = (
				E2977A4D26ADC8F4005A323D /* Libs+AppTheme.swift */,
				E249F24526A7511F00817CBA /* UI */,
			);
			path = _Libs;
			sourceTree = "<group>";
		};
		E22ADF9426C3DDEA00121DEE /* Extensions */ = {
			isa = PBXGroup;
			children = (
				E22ADF9526C3DDFB00121DEE /* ViewRouter+Extensions.swift */,
			);
			path = Extensions;
			sourceTree = "<group>";
		};
		E249F23926A749EF00817CBA /* Screens */ = {
			isa = PBXGroup;
			children = (
				E249F23A26A749FC00817CBA /* Inital */,
				E2514F4E26AA191500952E27 /* Main */,
				E249F23F26A74B3500817CBA /* User */,
			);
			path = Screens;
			sourceTree = "<group>";
		};
		E249F23A26A749FC00817CBA /* Inital */ = {
			isa = PBXGroup;
			children = (
				E249F23B26A74A1000817CBA /* InitalViewController.swift */,
				E249F24326A74BE500817CBA /* InitalViewModel.swift */,
			);
			path = Inital;
			sourceTree = "<group>";
		};
		E249F23F26A74B3500817CBA /* User */ = {
			isa = PBXGroup;
			children = (
				E249F24026A74B3500817CBA /* List */,
			);
			path = User;
			sourceTree = "<group>";
		};
		E249F24026A74B3500817CBA /* List */ = {
			isa = PBXGroup;
			children = (
				E249F24126A74B3500817CBA /* UserList.swift */,
			);
			path = List;
			sourceTree = "<group>";
		};
		E249F24526A7511F00817CBA /* UI */ = {
			isa = PBXGroup;
			children = (
				E2D7645126C5B2BE0000F4B6 /* TabBar */,
				E249F24626A7512B00817CBA /* ViewController.swift */,
				E249F24826A7516F00817CBA /* ViewModel.swift */,
				E2514F4C26AA17B100952E27 /* ViewRouter.swift */,
			);
			path = UI;
			sourceTree = "<group>";
		};
		E2514F4E26AA191500952E27 /* Main */ = {
			isa = PBXGroup;
			children = (
				E2514F4F26AA192200952E27 /* MainViewController.swift */,
				E2514F5126AA192E00952E27 /* MainViewModel.swift */,
			);
			path = Main;
			sourceTree = "<group>";
		};
		E284936926B098830063B14F /* Resources */ = {
			isa = PBXGroup;
			children = (
				E2ABB24A26A73EF400A1BEEB /* Assets.xcassets */,
				E22ADF9226C3DB7C00121DEE /* AppTheme.swift */,
			);
			path = Resources;
			sourceTree = "<group>";
		};
		E2ABB23226A73EEB00A1BEEB = {
			isa = PBXGroup;
			children = (
				E2ABB23D26A73EEB00A1BEEB /* DPTestProject_UIKit */,
				E2ABB25726A73EF400A1BEEB /* DPTestProject_UIKitTests */,
				E2ABB26226A73EF400A1BEEB /* DPTestProject_UIKitUITests */,
				E2ABB23C26A73EEB00A1BEEB /* Products */,
				4AF347EF6BE914DEDB01E24E /* Pods */,
				171DE439EAB5325618560860 /* Frameworks */,
			);
			sourceTree = "<group>";
		};
		E2ABB23C26A73EEB00A1BEEB /* Products */ = {
			isa = PBXGroup;
			children = (
				E2ABB23B26A73EEB00A1BEEB /* DPTestProject_UIKit.app */,
				E2ABB25426A73EF400A1BEEB /* DPTestProject_UIKitTests.xctest */,
				E2ABB25F26A73EF400A1BEEB /* DPTestProject_UIKitUITests.xctest */,
			);
			name = Products;
			sourceTree = "<group>";
		};
		E2ABB23D26A73EEB00A1BEEB /* DPTestProject_UIKit */ = {
			isa = PBXGroup;
			children = (
				E22ADF9126C3DB4D00121DEE /* _Libs */,
				E2ABB27126A73F3200A1BEEB /* Application Layer */,
				E2ABB27226A73FC900A1BEEB /* Data Layer */,
				E2ABB27326A73FD100A1BEEB /* Domain Layer */,
				E2ABB27426A73FE100A1BEEB /* Presentation Layer */,
				E2ABB27526A73FEB00A1BEEB /* Service Layer */,
				E2ABB27626A73FF400A1BEEB /* Support Layer */,
			);
			path = DPTestProject_UIKit;
			sourceTree = "<group>";
		};
		E2ABB25726A73EF400A1BEEB /* DPTestProject_UIKitTests */ = {
			isa = PBXGroup;
			children = (
				E2ABB25826A73EF400A1BEEB /* DPTestProject_UIKitTests.swift */,
				E2ABB25A26A73EF400A1BEEB /* Info.plist */,
			);
			path = DPTestProject_UIKitTests;
			sourceTree = "<group>";
		};
		E2ABB26226A73EF400A1BEEB /* DPTestProject_UIKitUITests */ = {
			isa = PBXGroup;
			children = (
				E2ABB26326A73EF400A1BEEB /* DPTestProject_UIKitUITests.swift */,
				E2ABB26526A73EF400A1BEEB /* Info.plist */,
			);
			path = DPTestProject_UIKitUITests;
			sourceTree = "<group>";
		};
		E2ABB27126A73F3200A1BEEB /* Application Layer */ = {
			isa = PBXGroup;
			children = (
				E2ABB27726A740BA00A1BEEB /* AppDelegate.swift */,
				E2ABB24026A73EEB00A1BEEB /* SceneDelegate.swift */,
				E22ADF9426C3DDEA00121DEE /* Extensions */,
				E284936926B098830063B14F /* Resources */,
			);
			path = "Application Layer";
			sourceTree = "<group>";
		};
		E2ABB27226A73FC900A1BEEB /* Data Layer */ = {
			isa = PBXGroup;
			children = (
				E2ABB24726A73EEB00A1BEEB /* DPTestProject_UIKit.xcdatamodeld */,
			);
			path = "Data Layer";
			sourceTree = "<group>";
		};
		E2ABB27326A73FD100A1BEEB /* Domain Layer */ = {
			isa = PBXGroup;
			children = (
				E221846F26A74476009BEFFC /* .keep */,
			);
			path = "Domain Layer";
			sourceTree = "<group>";
		};
		E2ABB27426A73FE100A1BEEB /* Presentation Layer */ = {
			isa = PBXGroup;
			children = (
				E2FDE65826ADD5D700E8F12F /* TableCells */,
				E221846B26A74435009BEFFC /* LauchScreen */,
				E249F23926A749EF00817CBA /* Screens */,
			);
			path = "Presentation Layer";
			sourceTree = "<group>";
		};
		E2ABB27526A73FEB00A1BEEB /* Service Layer */ = {
			isa = PBXGroup;
			children = (
				E221847126A74487009BEFFC /* .keep */,
			);
			path = "Service Layer";
			sourceTree = "<group>";
		};
		E2ABB27626A73FF400A1BEEB /* Support Layer */ = {
			isa = PBXGroup;
			children = (
				E221846826A743FB009BEFFC /* .gitignore */,
				E221846726A743FB009BEFFC /* .swiftlint.yml */,
				E221846526A743D8009BEFFC /* Info.plist */,
			);
			path = "Support Layer";
			sourceTree = "<group>";
		};
		E2D7645126C5B2BE0000F4B6 /* TabBar */ = {
			isa = PBXGroup;
			children = (
				E22ADF9726C3DF2D00121DEE /* TabBarController.swift */,
				E2D7645226C5B2D30000F4B6 /* TabBarView.swift */,
			);
			path = TabBar;
			sourceTree = "<group>";
		};
		E2FDE65826ADD5D700E8F12F /* TableCells */ = {
			isa = PBXGroup;
			children = (
				E2FDE65926ADD5DD00E8F12F /* ChangeAppTheme */,
			);
			path = TableCells;
			sourceTree = "<group>";
		};
		E2FDE65926ADD5DD00E8F12F /* ChangeAppTheme */ = {
			isa = PBXGroup;
			children = (
				E2FDE65A26ADD60600E8F12F /* ChangeAppThemeTableCell.swift */,
			);
			path = ChangeAppTheme;
			sourceTree = "<group>";
		};
/* End PBXGroup section */

/* Begin PBXNativeTarget section */
		E2ABB23A26A73EEB00A1BEEB /* DPTestProject_UIKit */ = {
			isa = PBXNativeTarget;
			buildConfigurationList = E2ABB26826A73EF400A1BEEB /* Build configuration list for PBXNativeTarget "DPTestProject_UIKit" */;
			buildPhases = (
				ED0EB813AAC344A62AC06E08 /* [CP] Check Pods Manifest.lock */,
				E2ABB23726A73EEB00A1BEEB /* Sources */,
				E2ABB23826A73EEB00A1BEEB /* Frameworks */,
				E2ABB23926A73EEB00A1BEEB /* Resources */,
				549C605EC839A7C8751C7F7D /* [CP] Embed Pods Frameworks */,
			);
			buildRules = (
			);
			dependencies = (
			);
			name = DPTestProject_UIKit;
			productName = DPTestProject_UIKit;
			productReference = E2ABB23B26A73EEB00A1BEEB /* DPTestProject_UIKit.app */;
			productType = "com.apple.product-type.application";
		};
		E2ABB25326A73EF400A1BEEB /* DPTestProject_UIKitTests */ = {
			isa = PBXNativeTarget;
			buildConfigurationList = E2ABB26B26A73EF400A1BEEB /* Build configuration list for PBXNativeTarget "DPTestProject_UIKitTests" */;
			buildPhases = (
				E2ABB25026A73EF400A1BEEB /* Sources */,
				E2ABB25126A73EF400A1BEEB /* Frameworks */,
				E2ABB25226A73EF400A1BEEB /* Resources */,
			);
			buildRules = (
			);
			dependencies = (
				E2ABB25626A73EF400A1BEEB /* PBXTargetDependency */,
			);
			name = DPTestProject_UIKitTests;
			productName = DPTestProject_UIKitTests;
			productReference = E2ABB25426A73EF400A1BEEB /* DPTestProject_UIKitTests.xctest */;
			productType = "com.apple.product-type.bundle.unit-test";
		};
		E2ABB25E26A73EF400A1BEEB /* DPTestProject_UIKitUITests */ = {
			isa = PBXNativeTarget;
			buildConfigurationList = E2ABB26E26A73EF400A1BEEB /* Build configuration list for PBXNativeTarget "DPTestProject_UIKitUITests" */;
			buildPhases = (
				E2ABB25B26A73EF400A1BEEB /* Sources */,
				E2ABB25C26A73EF400A1BEEB /* Frameworks */,
				E2ABB25D26A73EF400A1BEEB /* Resources */,
			);
			buildRules = (
			);
			dependencies = (
				E2ABB26126A73EF400A1BEEB /* PBXTargetDependency */,
			);
			name = DPTestProject_UIKitUITests;
			productName = DPTestProject_UIKitUITests;
			productReference = E2ABB25F26A73EF400A1BEEB /* DPTestProject_UIKitUITests.xctest */;
			productType = "com.apple.product-type.bundle.ui-testing";
		};
/* End PBXNativeTarget section */

/* Begin PBXProject section */
		E2ABB23326A73EEB00A1BEEB /* Project object */ = {
			isa = PBXProject;
			attributes = {
				LastSwiftUpdateCheck = 1250;
				LastUpgradeCheck = 1250;
				TargetAttributes = {
					E2ABB23A26A73EEB00A1BEEB = {
						CreatedOnToolsVersion = 12.5.1;
					};
					E2ABB25326A73EF400A1BEEB = {
						CreatedOnToolsVersion = 12.5.1;
						TestTargetID = E2ABB23A26A73EEB00A1BEEB;
					};
					E2ABB25E26A73EF400A1BEEB = {
						CreatedOnToolsVersion = 12.5.1;
						TestTargetID = E2ABB23A26A73EEB00A1BEEB;
					};
				};
			};
			buildConfigurationList = E2ABB23626A73EEB00A1BEEB /* Build configuration list for PBXProject "DPTestProject_UIKit" */;
			compatibilityVersion = "Xcode 9.3";
			developmentRegion = en;
			hasScannedForEncodings = 0;
			knownRegions = (
				en,
				Base,
			);
			mainGroup = E2ABB23226A73EEB00A1BEEB;
			productRefGroup = E2ABB23C26A73EEB00A1BEEB /* Products */;
			projectDirPath = "";
			projectRoot = "";
			targets = (
				E2ABB23A26A73EEB00A1BEEB /* DPTestProject_UIKit */,
				E2ABB25326A73EF400A1BEEB /* DPTestProject_UIKitTests */,
				E2ABB25E26A73EF400A1BEEB /* DPTestProject_UIKitUITests */,
			);
		};
/* End PBXProject section */

/* Begin PBXResourcesBuildPhase section */
		E2ABB23926A73EEB00A1BEEB /* Resources */ = {
			isa = PBXResourcesBuildPhase;
			buildActionMask = 2147483647;
			files = (
				E2ABB24B26A73EF400A1BEEB /* Assets.xcassets in Resources */,
				E221846E26A7444F009BEFFC /* LaunchScreen.storyboard in Resources */,
			);
			runOnlyForDeploymentPostprocessing = 0;
		};
		E2ABB25226A73EF400A1BEEB /* Resources */ = {
			isa = PBXResourcesBuildPhase;
			buildActionMask = 2147483647;
			files = (
			);
			runOnlyForDeploymentPostprocessing = 0;
		};
		E2ABB25D26A73EF400A1BEEB /* Resources */ = {
			isa = PBXResourcesBuildPhase;
			buildActionMask = 2147483647;
			files = (
			);
			runOnlyForDeploymentPostprocessing = 0;
		};
/* End PBXResourcesBuildPhase section */

/* Begin PBXShellScriptBuildPhase section */
		549C605EC839A7C8751C7F7D /* [CP] Embed Pods Frameworks */ = {
			isa = PBXShellScriptBuildPhase;
			buildActionMask = 2147483647;
			files = (
			);
			inputFileListPaths = (
				"${PODS_ROOT}/Target Support Files/Pods-DPTestProject_UIKit/Pods-DPTestProject_UIKit-frameworks-${CONFIGURATION}-input-files.xcfilelist",
			);
			name = "[CP] Embed Pods Frameworks";
			outputFileListPaths = (
				"${PODS_ROOT}/Target Support Files/Pods-DPTestProject_UIKit/Pods-DPTestProject_UIKit-frameworks-${CONFIGURATION}-output-files.xcfilelist",
			);
			runOnlyForDeploymentPostprocessing = 0;
			shellPath = /bin/sh;
			shellScript = "\"${PODS_ROOT}/Target Support Files/Pods-DPTestProject_UIKit/Pods-DPTestProject_UIKit-frameworks.sh\"\n";
			showEnvVarsInLog = 0;
		};
		ED0EB813AAC344A62AC06E08 /* [CP] Check Pods Manifest.lock */ = {
			isa = PBXShellScriptBuildPhase;
			buildActionMask = 2147483647;
			files = (
			);
			inputFileListPaths = (
			);
			inputPaths = (
				"${PODS_PODFILE_DIR_PATH}/Podfile.lock",
				"${PODS_ROOT}/Manifest.lock",
			);
			name = "[CP] Check Pods Manifest.lock";
			outputFileListPaths = (
			);
			outputPaths = (
				"$(DERIVED_FILE_DIR)/Pods-DPTestProject_UIKit-checkManifestLockResult.txt",
			);
			runOnlyForDeploymentPostprocessing = 0;
			shellPath = /bin/sh;
			shellScript = "diff \"${PODS_PODFILE_DIR_PATH}/Podfile.lock\" \"${PODS_ROOT}/Manifest.lock\" > /dev/null\nif [ $? != 0 ] ; then\n    # print error to STDERR\n    echo \"error: The sandbox is not in sync with the Podfile.lock. Run 'pod install' or update your CocoaPods installation.\" >&2\n    exit 1\nfi\n# This output is used by Xcode 'outputs' to avoid re-running this script phase.\necho \"SUCCESS\" > \"${SCRIPT_OUTPUT_FILE_0}\"\n";
			showEnvVarsInLog = 0;
		};
/* End PBXShellScriptBuildPhase section */

/* Begin PBXSourcesBuildPhase section */
		E2ABB23726A73EEB00A1BEEB /* Sources */ = {
			isa = PBXSourcesBuildPhase;
			buildActionMask = 2147483647;
			files = (
				E2D7645326C5B2D30000F4B6 /* TabBarView.swift in Sources */,
				E2514F4D26AA17B100952E27 /* ViewRouter.swift in Sources */,
				E22ADF9826C3DF2D00121DEE /* TabBarController.swift in Sources */,
				E249F24226A74B3500817CBA /* UserList.swift in Sources */,
				E249F23C26A74A1000817CBA /* InitalViewController.swift in Sources */,
				E2ABB24926A73EEB00A1BEEB /* DPTestProject_UIKit.xcdatamodeld in Sources */,
				E2ABB27826A740BB00A1BEEB /* AppDelegate.swift in Sources */,
				E249F24726A7512B00817CBA /* ViewController.swift in Sources */,
				E2ABB24126A73EEB00A1BEEB /* SceneDelegate.swift in Sources */,
				E22ADF9326C3DB7C00121DEE /* AppTheme.swift in Sources */,
				E22ADF9626C3DDFB00121DEE /* ViewRouter+Extensions.swift in Sources */,
				E249F24926A7516F00817CBA /* ViewModel.swift in Sources */,
				E249F24426A74BE500817CBA /* InitalViewModel.swift in Sources */,
				E2977A4E26ADC8F4005A323D /* Libs+AppTheme.swift in Sources */,
				E2514F5026AA192200952E27 /* MainViewController.swift in Sources */,
				E2FDE65B26ADD60600E8F12F /* ChangeAppThemeTableCell.swift in Sources */,
				E2514F5226AA192E00952E27 /* MainViewModel.swift in Sources */,
			);
			runOnlyForDeploymentPostprocessing = 0;
		};
		E2ABB25026A73EF400A1BEEB /* Sources */ = {
			isa = PBXSourcesBuildPhase;
			buildActionMask = 2147483647;
			files = (
				E2ABB25926A73EF400A1BEEB /* DPTestProject_UIKitTests.swift in Sources */,
			);
			runOnlyForDeploymentPostprocessing = 0;
		};
		E2ABB25B26A73EF400A1BEEB /* Sources */ = {
			isa = PBXSourcesBuildPhase;
			buildActionMask = 2147483647;
			files = (
				E2ABB26426A73EF400A1BEEB /* DPTestProject_UIKitUITests.swift in Sources */,
			);
			runOnlyForDeploymentPostprocessing = 0;
		};
/* End PBXSourcesBuildPhase section */

/* Begin PBXTargetDependency section */
		E2ABB25626A73EF400A1BEEB /* PBXTargetDependency */ = {
			isa = PBXTargetDependency;
			target = E2ABB23A26A73EEB00A1BEEB /* DPTestProject_UIKit */;
			targetProxy = E2ABB25526A73EF400A1BEEB /* PBXContainerItemProxy */;
		};
		E2ABB26126A73EF400A1BEEB /* PBXTargetDependency */ = {
			isa = PBXTargetDependency;
			target = E2ABB23A26A73EEB00A1BEEB /* DPTestProject_UIKit */;
			targetProxy = E2ABB26026A73EF400A1BEEB /* PBXContainerItemProxy */;
		};
/* End PBXTargetDependency section */

/* Begin PBXVariantGroup section */
		E221846C26A7444F009BEFFC /* LaunchScreen.storyboard */ = {
			isa = PBXVariantGroup;
			children = (
				E221846D26A7444F009BEFFC /* Base */,
			);
			name = LaunchScreen.storyboard;
			sourceTree = "<group>";
		};
/* End PBXVariantGroup section */

/* Begin XCBuildConfiguration section */
		E2ABB26626A73EF400A1BEEB /* Debug */ = {
			isa = XCBuildConfiguration;
			buildSettings = {
				ALWAYS_SEARCH_USER_PATHS = NO;
				CLANG_ANALYZER_NONNULL = YES;
				CLANG_ANALYZER_NUMBER_OBJECT_CONVERSION = YES_AGGRESSIVE;
				CLANG_CXX_LANGUAGE_STANDARD = "gnu++14";
				CLANG_CXX_LIBRARY = "libc++";
				CLANG_ENABLE_MODULES = YES;
				CLANG_ENABLE_OBJC_ARC = YES;
				CLANG_ENABLE_OBJC_WEAK = YES;
				CLANG_WARN_BLOCK_CAPTURE_AUTORELEASING = YES;
				CLANG_WARN_BOOL_CONVERSION = YES;
				CLANG_WARN_COMMA = YES;
				CLANG_WARN_CONSTANT_CONVERSION = YES;
				CLANG_WARN_DEPRECATED_OBJC_IMPLEMENTATIONS = YES;
				CLANG_WARN_DIRECT_OBJC_ISA_USAGE = YES_ERROR;
				CLANG_WARN_DOCUMENTATION_COMMENTS = YES;
				CLANG_WARN_EMPTY_BODY = YES;
				CLANG_WARN_ENUM_CONVERSION = YES;
				CLANG_WARN_INFINITE_RECURSION = YES;
				CLANG_WARN_INT_CONVERSION = YES;
				CLANG_WARN_NON_LITERAL_NULL_CONVERSION = YES;
				CLANG_WARN_OBJC_IMPLICIT_RETAIN_SELF = YES;
				CLANG_WARN_OBJC_LITERAL_CONVERSION = YES;
				CLANG_WARN_OBJC_ROOT_CLASS = YES_ERROR;
				CLANG_WARN_QUOTED_INCLUDE_IN_FRAMEWORK_HEADER = YES;
				CLANG_WARN_RANGE_LOOP_ANALYSIS = YES;
				CLANG_WARN_STRICT_PROTOTYPES = YES;
				CLANG_WARN_SUSPICIOUS_MOVE = YES;
				CLANG_WARN_UNGUARDED_AVAILABILITY = YES_AGGRESSIVE;
				CLANG_WARN_UNREACHABLE_CODE = YES;
				CLANG_WARN__DUPLICATE_METHOD_MATCH = YES;
				COPY_PHASE_STRIP = NO;
				DEBUG_INFORMATION_FORMAT = dwarf;
				ENABLE_STRICT_OBJC_MSGSEND = YES;
				ENABLE_TESTABILITY = YES;
				GCC_C_LANGUAGE_STANDARD = gnu11;
				GCC_DYNAMIC_NO_PIC = NO;
				GCC_NO_COMMON_BLOCKS = YES;
				GCC_OPTIMIZATION_LEVEL = 0;
				GCC_PREPROCESSOR_DEFINITIONS = (
					"DEBUG=1",
					"$(inherited)",
				);
				GCC_WARN_64_TO_32_BIT_CONVERSION = YES;
				GCC_WARN_ABOUT_RETURN_TYPE = YES_ERROR;
				GCC_WARN_UNDECLARED_SELECTOR = YES;
				GCC_WARN_UNINITIALIZED_AUTOS = YES_AGGRESSIVE;
				GCC_WARN_UNUSED_FUNCTION = YES;
				GCC_WARN_UNUSED_VARIABLE = YES;
				IPHONEOS_DEPLOYMENT_TARGET = 13.0;
				MTL_ENABLE_DEBUG_INFO = INCLUDE_SOURCE;
				MTL_FAST_MATH = YES;
				ONLY_ACTIVE_ARCH = YES;
				SDKROOT = iphoneos;
				SWIFT_ACTIVE_COMPILATION_CONDITIONS = DEBUG;
				SWIFT_OPTIMIZATION_LEVEL = "-Onone";
			};
			name = Debug;
		};
		E2ABB26726A73EF400A1BEEB /* Release */ = {
			isa = XCBuildConfiguration;
			buildSettings = {
				ALWAYS_SEARCH_USER_PATHS = NO;
				CLANG_ANALYZER_NONNULL = YES;
				CLANG_ANALYZER_NUMBER_OBJECT_CONVERSION = YES_AGGRESSIVE;
				CLANG_CXX_LANGUAGE_STANDARD = "gnu++14";
				CLANG_CXX_LIBRARY = "libc++";
				CLANG_ENABLE_MODULES = YES;
				CLANG_ENABLE_OBJC_ARC = YES;
				CLANG_ENABLE_OBJC_WEAK = YES;
				CLANG_WARN_BLOCK_CAPTURE_AUTORELEASING = YES;
				CLANG_WARN_BOOL_CONVERSION = YES;
				CLANG_WARN_COMMA = YES;
				CLANG_WARN_CONSTANT_CONVERSION = YES;
				CLANG_WARN_DEPRECATED_OBJC_IMPLEMENTATIONS = YES;
				CLANG_WARN_DIRECT_OBJC_ISA_USAGE = YES_ERROR;
				CLANG_WARN_DOCUMENTATION_COMMENTS = YES;
				CLANG_WARN_EMPTY_BODY = YES;
				CLANG_WARN_ENUM_CONVERSION = YES;
				CLANG_WARN_INFINITE_RECURSION = YES;
				CLANG_WARN_INT_CONVERSION = YES;
				CLANG_WARN_NON_LITERAL_NULL_CONVERSION = YES;
				CLANG_WARN_OBJC_IMPLICIT_RETAIN_SELF = YES;
				CLANG_WARN_OBJC_LITERAL_CONVERSION = YES;
				CLANG_WARN_OBJC_ROOT_CLASS = YES_ERROR;
				CLANG_WARN_QUOTED_INCLUDE_IN_FRAMEWORK_HEADER = YES;
				CLANG_WARN_RANGE_LOOP_ANALYSIS = YES;
				CLANG_WARN_STRICT_PROTOTYPES = YES;
				CLANG_WARN_SUSPICIOUS_MOVE = YES;
				CLANG_WARN_UNGUARDED_AVAILABILITY = YES_AGGRESSIVE;
				CLANG_WARN_UNREACHABLE_CODE = YES;
				CLANG_WARN__DUPLICATE_METHOD_MATCH = YES;
				COPY_PHASE_STRIP = NO;
				DEBUG_INFORMATION_FORMAT = "dwarf-with-dsym";
				ENABLE_NS_ASSERTIONS = NO;
				ENABLE_STRICT_OBJC_MSGSEND = YES;
				GCC_C_LANGUAGE_STANDARD = gnu11;
				GCC_NO_COMMON_BLOCKS = YES;
				GCC_WARN_64_TO_32_BIT_CONVERSION = YES;
				GCC_WARN_ABOUT_RETURN_TYPE = YES_ERROR;
				GCC_WARN_UNDECLARED_SELECTOR = YES;
				GCC_WARN_UNINITIALIZED_AUTOS = YES_AGGRESSIVE;
				GCC_WARN_UNUSED_FUNCTION = YES;
				GCC_WARN_UNUSED_VARIABLE = YES;
				IPHONEOS_DEPLOYMENT_TARGET = 13.0;
				MTL_ENABLE_DEBUG_INFO = NO;
				MTL_FAST_MATH = YES;
				SDKROOT = iphoneos;
				SWIFT_COMPILATION_MODE = wholemodule;
				SWIFT_OPTIMIZATION_LEVEL = "-O";
				VALIDATE_PRODUCT = YES;
			};
			name = Release;
		};
		E2ABB26926A73EF400A1BEEB /* Debug */ = {
			isa = XCBuildConfiguration;
			baseConfigurationReference = A7920084B4BBDC838BEB735D /* Pods-DPTestProject_UIKit.debug.xcconfig */;
			buildSettings = {
				ASSETCATALOG_COMPILER_APPICON_NAME = AppIcon;
				ASSETCATALOG_COMPILER_GLOBAL_ACCENT_COLOR_NAME = AccentColor;
				CODE_SIGN_STYLE = Automatic;
				DEVELOPMENT_TEAM = DLCUWR6D7N;
				INFOPLIST_FILE = DPTestProject_UIKit/Info.plist;
				IPHONEOS_DEPLOYMENT_TARGET = 13.0;
				LD_RUNPATH_SEARCH_PATHS = (
					"$(inherited)",
					"@executable_path/Frameworks",
				);
				PRODUCT_BUNDLE_IDENTIFIER = "DP.DPTestProject-UIKit";
				PRODUCT_NAME = "$(TARGET_NAME)";
				SWIFT_VERSION = 5.0;
				TARGETED_DEVICE_FAMILY = "1,2";
			};
			name = Debug;
		};
		E2ABB26A26A73EF400A1BEEB /* Release */ = {
			isa = XCBuildConfiguration;
			baseConfigurationReference = A468EA4ACE50B66F03F2901C /* Pods-DPTestProject_UIKit.release.xcconfig */;
			buildSettings = {
				ASSETCATALOG_COMPILER_APPICON_NAME = AppIcon;
				ASSETCATALOG_COMPILER_GLOBAL_ACCENT_COLOR_NAME = AccentColor;
				CODE_SIGN_STYLE = Automatic;
				DEVELOPMENT_TEAM = DLCUWR6D7N;
				INFOPLIST_FILE = DPTestProject_UIKit/Info.plist;
				IPHONEOS_DEPLOYMENT_TARGET = 13.0;
				LD_RUNPATH_SEARCH_PATHS = (
					"$(inherited)",
					"@executable_path/Frameworks",
				);
				PRODUCT_BUNDLE_IDENTIFIER = "DP.DPTestProject-UIKit";
				PRODUCT_NAME = "$(TARGET_NAME)";
				SWIFT_VERSION = 5.0;
				TARGETED_DEVICE_FAMILY = "1,2";
			};
			name = Release;
		};
		E2ABB26C26A73EF400A1BEEB /* Debug */ = {
			isa = XCBuildConfiguration;
			buildSettings = {
				ALWAYS_EMBED_SWIFT_STANDARD_LIBRARIES = YES;
				BUNDLE_LOADER = "$(TEST_HOST)";
				CODE_SIGN_STYLE = Automatic;
				DEVELOPMENT_TEAM = DLCUWR6D7N;
				INFOPLIST_FILE = DPTestProject_UIKitTests/Info.plist;
				IPHONEOS_DEPLOYMENT_TARGET = 14.5;
				LD_RUNPATH_SEARCH_PATHS = (
					"$(inherited)",
					"@executable_path/Frameworks",
					"@loader_path/Frameworks",
				);
				PRODUCT_BUNDLE_IDENTIFIER = "DP.DPTestProject-UIKitTests";
				PRODUCT_NAME = "$(TARGET_NAME)";
				SWIFT_VERSION = 5.0;
				TARGETED_DEVICE_FAMILY = "1,2";
				TEST_HOST = "$(BUILT_PRODUCTS_DIR)/DPTestProject_UIKit.app/DPTestProject_UIKit";
			};
			name = Debug;
		};
		E2ABB26D26A73EF400A1BEEB /* Release */ = {
			isa = XCBuildConfiguration;
			buildSettings = {
				ALWAYS_EMBED_SWIFT_STANDARD_LIBRARIES = YES;
				BUNDLE_LOADER = "$(TEST_HOST)";
				CODE_SIGN_STYLE = Automatic;
				DEVELOPMENT_TEAM = DLCUWR6D7N;
				INFOPLIST_FILE = DPTestProject_UIKitTests/Info.plist;
				IPHONEOS_DEPLOYMENT_TARGET = 14.5;
				LD_RUNPATH_SEARCH_PATHS = (
					"$(inherited)",
					"@executable_path/Frameworks",
					"@loader_path/Frameworks",
				);
				PRODUCT_BUNDLE_IDENTIFIER = "DP.DPTestProject-UIKitTests";
				PRODUCT_NAME = "$(TARGET_NAME)";
				SWIFT_VERSION = 5.0;
				TARGETED_DEVICE_FAMILY = "1,2";
				TEST_HOST = "$(BUILT_PRODUCTS_DIR)/DPTestProject_UIKit.app/DPTestProject_UIKit";
			};
			name = Release;
		};
		E2ABB26F26A73EF400A1BEEB /* Debug */ = {
			isa = XCBuildConfiguration;
			buildSettings = {
				ALWAYS_EMBED_SWIFT_STANDARD_LIBRARIES = YES;
				CODE_SIGN_STYLE = Automatic;
				DEVELOPMENT_TEAM = DLCUWR6D7N;
				INFOPLIST_FILE = DPTestProject_UIKitUITests/Info.plist;
				LD_RUNPATH_SEARCH_PATHS = (
					"$(inherited)",
					"@executable_path/Frameworks",
					"@loader_path/Frameworks",
				);
				PRODUCT_BUNDLE_IDENTIFIER = "DP.DPTestProject-UIKitUITests";
				PRODUCT_NAME = "$(TARGET_NAME)";
				SWIFT_VERSION = 5.0;
				TARGETED_DEVICE_FAMILY = "1,2";
				TEST_TARGET_NAME = DPTestProject_UIKit;
			};
			name = Debug;
		};
		E2ABB27026A73EF400A1BEEB /* Release */ = {
			isa = XCBuildConfiguration;
			buildSettings = {
				ALWAYS_EMBED_SWIFT_STANDARD_LIBRARIES = YES;
				CODE_SIGN_STYLE = Automatic;
				DEVELOPMENT_TEAM = DLCUWR6D7N;
				INFOPLIST_FILE = DPTestProject_UIKitUITests/Info.plist;
				LD_RUNPATH_SEARCH_PATHS = (
					"$(inherited)",
					"@executable_path/Frameworks",
					"@loader_path/Frameworks",
				);
				PRODUCT_BUNDLE_IDENTIFIER = "DP.DPTestProject-UIKitUITests";
				PRODUCT_NAME = "$(TARGET_NAME)";
				SWIFT_VERSION = 5.0;
				TARGETED_DEVICE_FAMILY = "1,2";
				TEST_TARGET_NAME = DPTestProject_UIKit;
			};
			name = Release;
		};
/* End XCBuildConfiguration section */

/* Begin XCConfigurationList section */
		E2ABB23626A73EEB00A1BEEB /* Build configuration list for PBXProject "DPTestProject_UIKit" */ = {
			isa = XCConfigurationList;
			buildConfigurations = (
				E2ABB26626A73EF400A1BEEB /* Debug */,
				E2ABB26726A73EF400A1BEEB /* Release */,
			);
			defaultConfigurationIsVisible = 0;
			defaultConfigurationName = Release;
		};
		E2ABB26826A73EF400A1BEEB /* Build configuration list for PBXNativeTarget "DPTestProject_UIKit" */ = {
			isa = XCConfigurationList;
			buildConfigurations = (
				E2ABB26926A73EF400A1BEEB /* Debug */,
				E2ABB26A26A73EF400A1BEEB /* Release */,
			);
			defaultConfigurationIsVisible = 0;
			defaultConfigurationName = Release;
		};
		E2ABB26B26A73EF400A1BEEB /* Build configuration list for PBXNativeTarget "DPTestProject_UIKitTests" */ = {
			isa = XCConfigurationList;
			buildConfigurations = (
				E2ABB26C26A73EF400A1BEEB /* Debug */,
				E2ABB26D26A73EF400A1BEEB /* Release */,
			);
			defaultConfigurationIsVisible = 0;
			defaultConfigurationName = Release;
		};
		E2ABB26E26A73EF400A1BEEB /* Build configuration list for PBXNativeTarget "DPTestProject_UIKitUITests" */ = {
			isa = XCConfigurationList;
			buildConfigurations = (
				E2ABB26F26A73EF400A1BEEB /* Debug */,
				E2ABB27026A73EF400A1BEEB /* Release */,
			);
			defaultConfigurationIsVisible = 0;
			defaultConfigurationName = Release;
		};
/* End XCConfigurationList section */

/* Begin XCVersionGroup section */
		E2ABB24726A73EEB00A1BEEB /* DPTestProject_UIKit.xcdatamodeld */ = {
			isa = XCVersionGroup;
			children = (
				E2ABB24826A73EEB00A1BEEB /* DPTestProject_UIKit.xcdatamodel */,
			);
			currentVersion = E2ABB24826A73EEB00A1BEEB /* DPTestProject_UIKit.xcdatamodel */;
			path = DPTestProject_UIKit.xcdatamodeld;
			sourceTree = "<group>";
			versionGroupType = wrapper.xcdatamodel;
		};
/* End XCVersionGroup section */
	};
	rootObject = E2ABB23326A73EEB00A1BEEB /* Project object */;
}
